
Microsoft Visual Studio Solution File, Format Version 12.00
# Visual Studio Version 16
VisualStudioVersion = 16.0.30907.101
MinimumVisualStudioVersion = 10.0.40219.1
Project("{9A19103F-16F7-4668-BE54-9A1E7A4F7556}") = "NClient.Core", "src\NClient\NClient.Core\NClient.Core.csproj", "{92345632-556A-4D8D-BE26-1D6102310FCD}"
EndProject
Project("{9A19103F-16F7-4668-BE54-9A1E7A4F7556}") = "NClient", "src\NClient\NClient\NClient.csproj", "{BE6ADF5A-CD73-4D8C-8724-D8DC045AA4AE}"
EndProject
Project("{9A19103F-16F7-4668-BE54-9A1E7A4F7556}") = "NClient.Standalone", "src\NClient\NClient.Standalone\NClient.Standalone.csproj", "{9E0CCD00-B93F-46C8-BEBC-2BA0909C7410}"
EndProject
Project("{9A19103F-16F7-4668-BE54-9A1E7A4F7556}") = "NClient.InterfaceProxy", "src\NClient\NClient.InterfaceProxy\NClient.InterfaceProxy.csproj", "{C19CFBDF-CEB6-4E51-AE9A-84EC5D3C7485}"
EndProject
Project("{9A19103F-16F7-4668-BE54-9A1E7A4F7556}") = "NClient.InterfaceProxy.Standalone", "src\NClient\NClient.InterfaceProxy.Standalone\NClient.InterfaceProxy.Standalone.csproj", "{A3F469E3-E1E3-4AB7-9253-9D3C60386FFB}"
EndProject
Project("{9A19103F-16F7-4668-BE54-9A1E7A4F7556}") = "NClient.AspNetProxy.Standalone", "src\NClient\NClient.AspNetProxy.Standalone\NClient.AspNetProxy.Standalone.csproj", "{A7EB8ACD-953E-4479-A293-55DC3E8EB674}"
EndProject
Project("{9A19103F-16F7-4668-BE54-9A1E7A4F7556}") = "NClient.AspNetProxy", "src\NClient\NClient.AspNetProxy\NClient.AspNetProxy.csproj", "{12CEEAD4-6A69-4D9F-BF11-FCAC5DDB5B49}"
EndProject
Project("{2150E333-8FDC-42A3-9474-1A3956D46DE8}") = "providers", "providers", "{DCB997FD-29F4-48D9-8348-093761DA42E7}"
EndProject
Project("{9A19103F-16F7-4668-BE54-9A1E7A4F7556}") = "NClient.Providers.HttpClient.RestSharp", "src\NClient.Providers\NClient.Providers.HttpClient.RestSharp\NClient.Providers.HttpClient.RestSharp.csproj", "{C42DB132-AFCE-4283-83AF-7E271580C0B2}"
EndProject
Project("{9A19103F-16F7-4668-BE54-9A1E7A4F7556}") = "NClient.Providers.Resilience.Polly", "src\NClient.Providers\NClient.Providers.Resilience.Polly\NClient.Providers.Resilience.Polly.csproj", "{6B4E7185-DF75-483F-BC12-2AE38F50CAB8}"
EndProject
Project("{9A19103F-16F7-4668-BE54-9A1E7A4F7556}") = "NClient.Providers.HttpClient", "src\NClient.Providers\NClient.Providers.HttpClient\NClient.Providers.HttpClient.csproj", "{FE7ABA26-CB5E-40EE-9209-6F7FE09586C7}"
EndProject
Project("{9A19103F-16F7-4668-BE54-9A1E7A4F7556}") = "NClient.Providers.Resilience", "src\NClient.Providers\NClient.Providers.Resilience\NClient.Providers.Resilience.csproj", "{2EB53502-7A6A-4988-8840-84187777C227}"
EndProject
Project("{2150E333-8FDC-42A3-9474-1A3956D46DE8}") = "extensions", "extensions", "{336F274F-FA15-4928-A48F-EE57BEF866F5}"
EndProject
Project("{9A19103F-16F7-4668-BE54-9A1E7A4F7556}") = "NClient.Extensions.DependencyInjection", "src\NClient.Extensions\NClient.Extensions.DependencyInjection\NClient.Extensions.DependencyInjection.csproj", "{85EC205F-DF7E-4AAE-B024-C4AE47B98328}"
EndProject
Project("{2150E333-8FDC-42A3-9474-1A3956D46DE8}") = "tests", "tests", "{F3AF19D7-1D80-4449-98CC-96BC13FF8103}"
EndProject
Project("{9A19103F-16F7-4668-BE54-9A1E7A4F7556}") = "NClient.Core.Tests", "tests\NClient\NClient.Core.Tests\NClient.Core.Tests.csproj", "{DEE11369-E9B1-4A95-B07B-A15F0C1C21BB}"
EndProject
Project("{9A19103F-16F7-4668-BE54-9A1E7A4F7556}") = "NClient.Tests", "tests\NClient\NClient.Tests\NClient.Tests.csproj", "{230329AF-8249-495A-AEFF-96DE1B17D1BF}"
EndProject
Project("{9A19103F-16F7-4668-BE54-9A1E7A4F7556}") = "NClient.InterfaceProxy.Tests", "tests\NClient\NClient.InterfaceProxy.Tests\NClient.InterfaceProxy.Tests.csproj", "{DE0D8F73-86B0-4CEF-9D6F-20D2C91175A1}"
EndProject
Project("{9A19103F-16F7-4668-BE54-9A1E7A4F7556}") = "NClient.InterfaceProxy.Standalone.Tests", "tests\NClient\NClient.InterfaceProxy.Standalone.Tests\NClient.InterfaceProxy.Standalone.Tests.csproj", "{D4B3848F-1D60-4D56-990F-98F984E12BD1}"
EndProject
Project("{9A19103F-16F7-4668-BE54-9A1E7A4F7556}") = "NClient.AspNetProxy.Tests", "tests\NClient\NClient.AspNetProxy.Tests\NClient.AspNetProxy.Tests.csproj", "{0CB89107-C718-4413-9D1E-3E538A7C7B05}"
EndProject
Project("{9A19103F-16F7-4668-BE54-9A1E7A4F7556}") = "NClient.AspNetProxy.Standalone.Tests", "tests\NClient\NClient.AspNetProxy.Standalone.Tests\NClient.AspNetProxy.Standalone.Tests.csproj", "{8116D8D0-E475-4414-A433-189896556376}"
EndProject
Project("{2150E333-8FDC-42A3-9474-1A3956D46DE8}") = "extensions", "extensions", "{07EF5913-BA3B-4231-A2F6-9323D10C18EE}"
EndProject
Project("{9A19103F-16F7-4668-BE54-9A1E7A4F7556}") = "NClient.Extensions.DependencyInjection.Tests", "tests\NClient.Extensions\NClient.Extensions.DependencyInjection.Tests\NClient.Extensions.DependencyInjection.Tests.csproj", "{2991216E-79A7-4A29-8986-7FB5BA0BDBD7}"
EndProject
Project("{2150E333-8FDC-42A3-9474-1A3956D46DE8}") = "common", "common", "{C9ED014C-EC92-4FAA-A53D-6D0500B640F0}"
EndProject
Project("{9A19103F-16F7-4668-BE54-9A1E7A4F7556}") = "NClient.Testing.Common", "tests\NClient.Testing\NClient.Testing.Common\NClient.Testing.Common.csproj", "{44FD29DF-2B1E-4EB3-9E90-D31E42788862}"
EndProject
Project("{2150E333-8FDC-42A3-9474-1A3956D46DE8}") = "packages", "packages", "{A5E78E9F-AF5D-4521-9A60-800F172A5CA3}"
EndProject
Project("{9A19103F-16F7-4668-BE54-9A1E7A4F7556}") = "NClient.Packages.Tests", "tests\NClient.Packages\NClient.Packages.Tests\NClient.Packages.Tests.csproj", "{B0130050-BC45-4CC5-8C8E-81041441F3C7}"
EndProject
Project("{2150E333-8FDC-42A3-9474-1A3956D46DE8}") = "sandboxes", "sandboxes", "{651A78DE-4231-4044-9647-D64783896E07}"
EndProject
Project("{9A19103F-16F7-4668-BE54-9A1E7A4F7556}") = "NClient.Sandboxes.AspNetWebService", "tests\NClient.Sandboxes\NClient.Sandboxes.AspNetWebService\NClient.Sandboxes.AspNetWebService.csproj", "{0D5F8D61-103A-4EC8-B90D-39DF61D19FE6}"
EndProject
Global
	GlobalSection(SolutionConfigurationPlatforms) = preSolution
		Debug|Any CPU = Debug|Any CPU
		Release|Any CPU = Release|Any CPU
		TestRelease|Any CPU = TestRelease|Any CPU
	EndGlobalSection
	GlobalSection(ProjectConfigurationPlatforms) = postSolution
		{92345632-556A-4D8D-BE26-1D6102310FCD}.Debug|Any CPU.ActiveCfg = Debug|Any CPU
		{92345632-556A-4D8D-BE26-1D6102310FCD}.Debug|Any CPU.Build.0 = Debug|Any CPU
		{92345632-556A-4D8D-BE26-1D6102310FCD}.Release|Any CPU.ActiveCfg = Release|Any CPU
		{92345632-556A-4D8D-BE26-1D6102310FCD}.Release|Any CPU.Build.0 = Release|Any CPU
		{92345632-556A-4D8D-BE26-1D6102310FCD}.TestRelease|Any CPU.ActiveCfg = ReleaseTest|Any CPU
		{BE6ADF5A-CD73-4D8C-8724-D8DC045AA4AE}.Debug|Any CPU.ActiveCfg = Debug|Any CPU
		{BE6ADF5A-CD73-4D8C-8724-D8DC045AA4AE}.Debug|Any CPU.Build.0 = Debug|Any CPU
		{BE6ADF5A-CD73-4D8C-8724-D8DC045AA4AE}.Release|Any CPU.ActiveCfg = Release|Any CPU
		{BE6ADF5A-CD73-4D8C-8724-D8DC045AA4AE}.Release|Any CPU.Build.0 = Release|Any CPU
		{BE6ADF5A-CD73-4D8C-8724-D8DC045AA4AE}.TestRelease|Any CPU.ActiveCfg = ReleaseTest|Any CPU
		{9E0CCD00-B93F-46C8-BEBC-2BA0909C7410}.Debug|Any CPU.ActiveCfg = Debug|Any CPU
		{9E0CCD00-B93F-46C8-BEBC-2BA0909C7410}.Debug|Any CPU.Build.0 = Debug|Any CPU
		{9E0CCD00-B93F-46C8-BEBC-2BA0909C7410}.Release|Any CPU.ActiveCfg = Release|Any CPU
		{9E0CCD00-B93F-46C8-BEBC-2BA0909C7410}.Release|Any CPU.Build.0 = Release|Any CPU
		{9E0CCD00-B93F-46C8-BEBC-2BA0909C7410}.TestRelease|Any CPU.ActiveCfg = ReleaseTest|Any CPU
		{C19CFBDF-CEB6-4E51-AE9A-84EC5D3C7485}.Debug|Any CPU.ActiveCfg = Debug|Any CPU
		{C19CFBDF-CEB6-4E51-AE9A-84EC5D3C7485}.Debug|Any CPU.Build.0 = Debug|Any CPU
		{C19CFBDF-CEB6-4E51-AE9A-84EC5D3C7485}.Release|Any CPU.ActiveCfg = Release|Any CPU
		{C19CFBDF-CEB6-4E51-AE9A-84EC5D3C7485}.Release|Any CPU.Build.0 = Release|Any CPU
		{C19CFBDF-CEB6-4E51-AE9A-84EC5D3C7485}.TestRelease|Any CPU.ActiveCfg = ReleaseTest|Any CPU
		{A3F469E3-E1E3-4AB7-9253-9D3C60386FFB}.Debug|Any CPU.ActiveCfg = Debug|Any CPU
		{A3F469E3-E1E3-4AB7-9253-9D3C60386FFB}.Debug|Any CPU.Build.0 = Debug|Any CPU
		{A3F469E3-E1E3-4AB7-9253-9D3C60386FFB}.Release|Any CPU.ActiveCfg = Release|Any CPU
		{A3F469E3-E1E3-4AB7-9253-9D3C60386FFB}.Release|Any CPU.Build.0 = Release|Any CPU
		{A3F469E3-E1E3-4AB7-9253-9D3C60386FFB}.TestRelease|Any CPU.ActiveCfg = ReleaseTest|Any CPU
		{A7EB8ACD-953E-4479-A293-55DC3E8EB674}.Debug|Any CPU.ActiveCfg = Debug|Any CPU
		{A7EB8ACD-953E-4479-A293-55DC3E8EB674}.Debug|Any CPU.Build.0 = Debug|Any CPU
		{A7EB8ACD-953E-4479-A293-55DC3E8EB674}.Release|Any CPU.ActiveCfg = Release|Any CPU
		{A7EB8ACD-953E-4479-A293-55DC3E8EB674}.Release|Any CPU.Build.0 = Release|Any CPU
		{A7EB8ACD-953E-4479-A293-55DC3E8EB674}.TestRelease|Any CPU.ActiveCfg = ReleaseTest|Any CPU
		{12CEEAD4-6A69-4D9F-BF11-FCAC5DDB5B49}.Debug|Any CPU.ActiveCfg = Debug|Any CPU
		{12CEEAD4-6A69-4D9F-BF11-FCAC5DDB5B49}.Debug|Any CPU.Build.0 = Debug|Any CPU
		{12CEEAD4-6A69-4D9F-BF11-FCAC5DDB5B49}.Release|Any CPU.ActiveCfg = Release|Any CPU
		{12CEEAD4-6A69-4D9F-BF11-FCAC5DDB5B49}.Release|Any CPU.Build.0 = Release|Any CPU
		{12CEEAD4-6A69-4D9F-BF11-FCAC5DDB5B49}.TestRelease|Any CPU.ActiveCfg = ReleaseTest|Any CPU
		{C42DB132-AFCE-4283-83AF-7E271580C0B2}.Debug|Any CPU.ActiveCfg = Debug|Any CPU
		{C42DB132-AFCE-4283-83AF-7E271580C0B2}.Debug|Any CPU.Build.0 = Debug|Any CPU
		{C42DB132-AFCE-4283-83AF-7E271580C0B2}.Release|Any CPU.ActiveCfg = Release|Any CPU
		{C42DB132-AFCE-4283-83AF-7E271580C0B2}.Release|Any CPU.Build.0 = Release|Any CPU
		{C42DB132-AFCE-4283-83AF-7E271580C0B2}.TestRelease|Any CPU.ActiveCfg = ReleaseTest|Any CPU
		{6B4E7185-DF75-483F-BC12-2AE38F50CAB8}.Debug|Any CPU.ActiveCfg = Debug|Any CPU
		{6B4E7185-DF75-483F-BC12-2AE38F50CAB8}.Debug|Any CPU.Build.0 = Debug|Any CPU
		{6B4E7185-DF75-483F-BC12-2AE38F50CAB8}.Release|Any CPU.ActiveCfg = Release|Any CPU
		{6B4E7185-DF75-483F-BC12-2AE38F50CAB8}.Release|Any CPU.Build.0 = Release|Any CPU
		{6B4E7185-DF75-483F-BC12-2AE38F50CAB8}.TestRelease|Any CPU.ActiveCfg = ReleaseTest|Any CPU
		{FE7ABA26-CB5E-40EE-9209-6F7FE09586C7}.Debug|Any CPU.ActiveCfg = Debug|Any CPU
		{FE7ABA26-CB5E-40EE-9209-6F7FE09586C7}.Debug|Any CPU.Build.0 = Debug|Any CPU
		{FE7ABA26-CB5E-40EE-9209-6F7FE09586C7}.Release|Any CPU.ActiveCfg = Release|Any CPU
		{FE7ABA26-CB5E-40EE-9209-6F7FE09586C7}.Release|Any CPU.Build.0 = Release|Any CPU
		{FE7ABA26-CB5E-40EE-9209-6F7FE09586C7}.TestRelease|Any CPU.ActiveCfg = ReleaseTest|Any CPU
		{2EB53502-7A6A-4988-8840-84187777C227}.Debug|Any CPU.ActiveCfg = Debug|Any CPU
		{2EB53502-7A6A-4988-8840-84187777C227}.Debug|Any CPU.Build.0 = Debug|Any CPU
		{2EB53502-7A6A-4988-8840-84187777C227}.Release|Any CPU.ActiveCfg = Release|Any CPU
		{2EB53502-7A6A-4988-8840-84187777C227}.Release|Any CPU.Build.0 = Release|Any CPU
		{2EB53502-7A6A-4988-8840-84187777C227}.TestRelease|Any CPU.ActiveCfg = ReleaseTest|Any CPU
		{85EC205F-DF7E-4AAE-B024-C4AE47B98328}.Debug|Any CPU.ActiveCfg = Debug|Any CPU
		{85EC205F-DF7E-4AAE-B024-C4AE47B98328}.Debug|Any CPU.Build.0 = Debug|Any CPU
		{85EC205F-DF7E-4AAE-B024-C4AE47B98328}.Release|Any CPU.ActiveCfg = Release|Any CPU
		{85EC205F-DF7E-4AAE-B024-C4AE47B98328}.Release|Any CPU.Build.0 = Release|Any CPU
		{85EC205F-DF7E-4AAE-B024-C4AE47B98328}.TestRelease|Any CPU.ActiveCfg = ReleaseTest|Any CPU
		{DEE11369-E9B1-4A95-B07B-A15F0C1C21BB}.Debug|Any CPU.ActiveCfg = Debug|Any CPU
		{DEE11369-E9B1-4A95-B07B-A15F0C1C21BB}.Debug|Any CPU.Build.0 = Debug|Any CPU
		{DEE11369-E9B1-4A95-B07B-A15F0C1C21BB}.Release|Any CPU.ActiveCfg = Release|Any CPU
		{DEE11369-E9B1-4A95-B07B-A15F0C1C21BB}.Release|Any CPU.Build.0 = Release|Any CPU
		{DEE11369-E9B1-4A95-B07B-A15F0C1C21BB}.TestRelease|Any CPU.ActiveCfg = ReleaseTest|Any CPU
		{230329AF-8249-495A-AEFF-96DE1B17D1BF}.Debug|Any CPU.ActiveCfg = Debug|Any CPU
		{230329AF-8249-495A-AEFF-96DE1B17D1BF}.Debug|Any CPU.Build.0 = Debug|Any CPU
		{230329AF-8249-495A-AEFF-96DE1B17D1BF}.Release|Any CPU.ActiveCfg = Release|Any CPU
		{230329AF-8249-495A-AEFF-96DE1B17D1BF}.Release|Any CPU.Build.0 = Release|Any CPU
		{230329AF-8249-495A-AEFF-96DE1B17D1BF}.TestRelease|Any CPU.ActiveCfg = ReleaseTest|Any CPU
		{DE0D8F73-86B0-4CEF-9D6F-20D2C91175A1}.Debug|Any CPU.ActiveCfg = Debug|Any CPU
		{DE0D8F73-86B0-4CEF-9D6F-20D2C91175A1}.Debug|Any CPU.Build.0 = Debug|Any CPU
		{DE0D8F73-86B0-4CEF-9D6F-20D2C91175A1}.Release|Any CPU.ActiveCfg = Release|Any CPU
		{DE0D8F73-86B0-4CEF-9D6F-20D2C91175A1}.Release|Any CPU.Build.0 = Release|Any CPU
		{DE0D8F73-86B0-4CEF-9D6F-20D2C91175A1}.TestRelease|Any CPU.ActiveCfg = ReleaseTest|Any CPU
		{D4B3848F-1D60-4D56-990F-98F984E12BD1}.Debug|Any CPU.ActiveCfg = Debug|Any CPU
		{D4B3848F-1D60-4D56-990F-98F984E12BD1}.Debug|Any CPU.Build.0 = Debug|Any CPU
		{D4B3848F-1D60-4D56-990F-98F984E12BD1}.Release|Any CPU.ActiveCfg = Release|Any CPU
		{D4B3848F-1D60-4D56-990F-98F984E12BD1}.Release|Any CPU.Build.0 = Release|Any CPU
		{D4B3848F-1D60-4D56-990F-98F984E12BD1}.TestRelease|Any CPU.ActiveCfg = ReleaseTest|Any CPU
		{0CB89107-C718-4413-9D1E-3E538A7C7B05}.Debug|Any CPU.ActiveCfg = Debug|Any CPU
		{0CB89107-C718-4413-9D1E-3E538A7C7B05}.Debug|Any CPU.Build.0 = Debug|Any CPU
		{0CB89107-C718-4413-9D1E-3E538A7C7B05}.Release|Any CPU.ActiveCfg = Release|Any CPU
		{0CB89107-C718-4413-9D1E-3E538A7C7B05}.Release|Any CPU.Build.0 = Release|Any CPU
		{0CB89107-C718-4413-9D1E-3E538A7C7B05}.TestRelease|Any CPU.ActiveCfg = ReleaseTest|Any CPU
		{8116D8D0-E475-4414-A433-189896556376}.Debug|Any CPU.ActiveCfg = Debug|Any CPU
		{8116D8D0-E475-4414-A433-189896556376}.Debug|Any CPU.Build.0 = Debug|Any CPU
		{8116D8D0-E475-4414-A433-189896556376}.Release|Any CPU.ActiveCfg = Release|Any CPU
		{8116D8D0-E475-4414-A433-189896556376}.Release|Any CPU.Build.0 = Release|Any CPU
		{8116D8D0-E475-4414-A433-189896556376}.TestRelease|Any CPU.ActiveCfg = ReleaseTest|Any CPU
		{2991216E-79A7-4A29-8986-7FB5BA0BDBD7}.Debug|Any CPU.ActiveCfg = Debug|Any CPU
		{2991216E-79A7-4A29-8986-7FB5BA0BDBD7}.Debug|Any CPU.Build.0 = Debug|Any CPU
		{2991216E-79A7-4A29-8986-7FB5BA0BDBD7}.Release|Any CPU.ActiveCfg = Release|Any CPU
		{2991216E-79A7-4A29-8986-7FB5BA0BDBD7}.Release|Any CPU.Build.0 = Release|Any CPU
		{2991216E-79A7-4A29-8986-7FB5BA0BDBD7}.TestRelease|Any CPU.ActiveCfg = ReleaseTest|Any CPU
		{44FD29DF-2B1E-4EB3-9E90-D31E42788862}.Debug|Any CPU.ActiveCfg = Debug|Any CPU
		{44FD29DF-2B1E-4EB3-9E90-D31E42788862}.Debug|Any CPU.Build.0 = Debug|Any CPU
		{44FD29DF-2B1E-4EB3-9E90-D31E42788862}.Release|Any CPU.ActiveCfg = Release|Any CPU
		{44FD29DF-2B1E-4EB3-9E90-D31E42788862}.Release|Any CPU.Build.0 = Release|Any CPU
		{44FD29DF-2B1E-4EB3-9E90-D31E42788862}.TestRelease|Any CPU.ActiveCfg = ReleaseTest|Any CPU
		{B0130050-BC45-4CC5-8C8E-81041441F3C7}.Debug|Any CPU.ActiveCfg = Debug|Any CPU
		{B0130050-BC45-4CC5-8C8E-81041441F3C7}.Debug|Any CPU.Build.0 = Debug|Any CPU
		{B0130050-BC45-4CC5-8C8E-81041441F3C7}.Release|Any CPU.ActiveCfg = Release|Any CPU
		{B0130050-BC45-4CC5-8C8E-81041441F3C7}.TestRelease|Any CPU.ActiveCfg = ReleaseTest|Any CPU
		{B0130050-BC45-4CC5-8C8E-81041441F3C7}.TestRelease|Any CPU.Build.0 = ReleaseTest|Any CPU
		{0D5F8D61-103A-4EC8-B90D-39DF61D19FE6}.Debug|Any CPU.ActiveCfg = Debug|Any CPU
		{0D5F8D61-103A-4EC8-B90D-39DF61D19FE6}.Debug|Any CPU.Build.0 = Debug|Any CPU
		{0D5F8D61-103A-4EC8-B90D-39DF61D19FE6}.Release|Any CPU.ActiveCfg = Release|Any CPU
		{0D5F8D61-103A-4EC8-B90D-39DF61D19FE6}.Release|Any CPU.Build.0 = Release|Any CPU
		{0D5F8D61-103A-4EC8-B90D-39DF61D19FE6}.TestRelease|Any CPU.ActiveCfg = ReleaseTest|Any CPU
	EndGlobalSection
	GlobalSection(SolutionProperties) = preSolution
		HideSolutionNode = FALSE
	EndGlobalSection
	GlobalSection(NestedProjects) = preSolution
		{C42DB132-AFCE-4283-83AF-7E271580C0B2} = {DCB997FD-29F4-48D9-8348-093761DA42E7}
		{6B4E7185-DF75-483F-BC12-2AE38F50CAB8} = {DCB997FD-29F4-48D9-8348-093761DA42E7}
		{FE7ABA26-CB5E-40EE-9209-6F7FE09586C7} = {DCB997FD-29F4-48D9-8348-093761DA42E7}
		{2EB53502-7A6A-4988-8840-84187777C227} = {DCB997FD-29F4-48D9-8348-093761DA42E7}
		{85EC205F-DF7E-4AAE-B024-C4AE47B98328} = {336F274F-FA15-4928-A48F-EE57BEF866F5}
		{DEE11369-E9B1-4A95-B07B-A15F0C1C21BB} = {F3AF19D7-1D80-4449-98CC-96BC13FF8103}
		{230329AF-8249-495A-AEFF-96DE1B17D1BF} = {F3AF19D7-1D80-4449-98CC-96BC13FF8103}
		{DE0D8F73-86B0-4CEF-9D6F-20D2C91175A1} = {F3AF19D7-1D80-4449-98CC-96BC13FF8103}
		{D4B3848F-1D60-4D56-990F-98F984E12BD1} = {F3AF19D7-1D80-4449-98CC-96BC13FF8103}
		{0CB89107-C718-4413-9D1E-3E538A7C7B05} = {F3AF19D7-1D80-4449-98CC-96BC13FF8103}
		{8116D8D0-E475-4414-A433-189896556376} = {F3AF19D7-1D80-4449-98CC-96BC13FF8103}
		{07EF5913-BA3B-4231-A2F6-9323D10C18EE} = {F3AF19D7-1D80-4449-98CC-96BC13FF8103}
		{2991216E-79A7-4A29-8986-7FB5BA0BDBD7} = {07EF5913-BA3B-4231-A2F6-9323D10C18EE}
		{C9ED014C-EC92-4FAA-A53D-6D0500B640F0} = {F3AF19D7-1D80-4449-98CC-96BC13FF8103}
		{44FD29DF-2B1E-4EB3-9E90-D31E42788862} = {C9ED014C-EC92-4FAA-A53D-6D0500B640F0}
		{A5E78E9F-AF5D-4521-9A60-800F172A5CA3} = {F3AF19D7-1D80-4449-98CC-96BC13FF8103}
		{B0130050-BC45-4CC5-8C8E-81041441F3C7} = {A5E78E9F-AF5D-4521-9A60-800F172A5CA3}
		{651A78DE-4231-4044-9647-D64783896E07} = {F3AF19D7-1D80-4449-98CC-96BC13FF8103}
		{0D5F8D61-103A-4EC8-B90D-39DF61D19FE6} = {651A78DE-4231-4044-9647-D64783896E07}
	EndGlobalSection
	GlobalSection(ExtensibilityGlobals) = postSolution
		SolutionGuid = {244A4C58-8FA7-496C-ABCF-72F333149A20}
	EndGlobalSection
EndGlobal
