
Microsoft Visual Studio Solution File, Format Version 12.00
# Visual Studio Version 16
VisualStudioVersion = 16.0.30907.101
MinimumVisualStudioVersion = 10.0.40219.1
Project("{9A19103F-16F7-4668-BE54-9A1E7A4F7556}") = "NClient.Core", "src\NClient\NClient.Core\NClient.Core.csproj", "{92345632-556A-4D8D-BE26-1D6102310FCD}"
EndProject
Project("{9A19103F-16F7-4668-BE54-9A1E7A4F7556}") = "NClient", "src\NClient\NClient\NClient.csproj", "{BE6ADF5A-CD73-4D8C-8724-D8DC045AA4AE}"
EndProject
Project("{9A19103F-16F7-4668-BE54-9A1E7A4F7556}") = "NClient.Standalone", "src\NClient\NClient.Standalone\NClient.Standalone.csproj", "{9E0CCD00-B93F-46C8-BEBC-2BA0909C7410}"
EndProject
Project("{2150E333-8FDC-42A3-9474-1A3956D46DE8}") = "providers", "providers", "{DCB997FD-29F4-48D9-8348-093761DA42E7}"
EndProject
Project("{9A19103F-16F7-4668-BE54-9A1E7A4F7556}") = "NClient.Providers.HttpClient.RestSharp", "src\NClient.Providers\NClient.Providers.HttpClient.RestSharp\NClient.Providers.HttpClient.RestSharp.csproj", "{C42DB132-AFCE-4283-83AF-7E271580C0B2}"
EndProject
Project("{9A19103F-16F7-4668-BE54-9A1E7A4F7556}") = "NClient.Providers.Resilience.Polly", "src\NClient.Providers\NClient.Providers.Resilience.Polly\NClient.Providers.Resilience.Polly.csproj", "{6B4E7185-DF75-483F-BC12-2AE38F50CAB8}"
EndProject
Project("{2150E333-8FDC-42A3-9474-1A3956D46DE8}") = "extensions", "extensions", "{336F274F-FA15-4928-A48F-EE57BEF866F5}"
EndProject
Project("{9A19103F-16F7-4668-BE54-9A1E7A4F7556}") = "NClient.Extensions.DependencyInjection", "src\NClient.Extensions\NClient.Extensions.DependencyInjection\NClient.Extensions.DependencyInjection.csproj", "{85EC205F-DF7E-4AAE-B024-C4AE47B98328}"
EndProject
Project("{2150E333-8FDC-42A3-9474-1A3956D46DE8}") = "tests", "tests", "{F3AF19D7-1D80-4449-98CC-96BC13FF8103}"
EndProject
Project("{9A19103F-16F7-4668-BE54-9A1E7A4F7556}") = "NClient.Core.Tests", "tests\NClient\NClient.Core.Tests\NClient.Core.Tests.csproj", "{DEE11369-E9B1-4A95-B07B-A15F0C1C21BB}"
EndProject
Project("{9A19103F-16F7-4668-BE54-9A1E7A4F7556}") = "NClient.Tests", "tests\NClient\NClient.Tests\NClient.Tests.csproj", "{230329AF-8249-495A-AEFF-96DE1B17D1BF}"
EndProject
Project("{2150E333-8FDC-42A3-9474-1A3956D46DE8}") = "extensions", "extensions", "{07EF5913-BA3B-4231-A2F6-9323D10C18EE}"
EndProject
Project("{9A19103F-16F7-4668-BE54-9A1E7A4F7556}") = "NClient.Extensions.DependencyInjection.Tests", "tests\NClient.Extensions\NClient.Extensions.DependencyInjection.Tests\NClient.Extensions.DependencyInjection.Tests.csproj", "{2991216E-79A7-4A29-8986-7FB5BA0BDBD7}"
EndProject
Project("{2150E333-8FDC-42A3-9474-1A3956D46DE8}") = "common", "common", "{C9ED014C-EC92-4FAA-A53D-6D0500B640F0}"
EndProject
Project("{9A19103F-16F7-4668-BE54-9A1E7A4F7556}") = "NClient.Testing.Common", "tests\NClient.Testing\NClient.Testing.Common\NClient.Testing.Common.csproj", "{44FD29DF-2B1E-4EB3-9E90-D31E42788862}"
EndProject
Project("{2150E333-8FDC-42A3-9474-1A3956D46DE8}") = "packages", "packages", "{A5E78E9F-AF5D-4521-9A60-800F172A5CA3}"
EndProject
Project("{9A19103F-16F7-4668-BE54-9A1E7A4F7556}") = "NClient.Packages.Tests", "tests\NClient.Packages\NClient.Packages.Tests\NClient.Packages.Tests.csproj", "{B0130050-BC45-4CC5-8C8E-81041441F3C7}"
EndProject
Project("{9A19103F-16F7-4668-BE54-9A1E7A4F7556}") = "NClient.Annotations", "src\NClient\NClient.Annotations\NClient.Annotations.csproj", "{BF9A7FCF-3032-428A-AF38-F65B71741C61}"
EndProject
Project("{9A19103F-16F7-4668-BE54-9A1E7A4F7556}") = "NClient.Abstractions", "src\NClient\NClient.Abstractions\NClient.Abstractions.csproj", "{AEC62C83-BBCE-4DB1-9CB5-A00A119D8026}"
EndProject
Project("{9A19103F-16F7-4668-BE54-9A1E7A4F7556}") = "NClient.AspNetCore", "src\NClient\NClient.AspNetCore\NClient.AspNetCore.csproj", "{93B399D9-3842-4B85-A06B-95E2F62B6F13}"
EndProject
Project("{9A19103F-16F7-4668-BE54-9A1E7A4F7556}") = "NClient.Standalone.Tests", "tests\NClient\NClient.Standalone.Tests\NClient.Standalone.Tests.csproj", "{BC08E7BF-7382-4830-B5DC-AB03AE266926}"
EndProject
Project("{9A19103F-16F7-4668-BE54-9A1E7A4F7556}") = "NClient.AspNetCore.Tests", "tests\NClient\NClient.AspNetCore.Tests\NClient.AspNetCore.Tests.csproj", "{10AAC2C5-73D8-4808-912F-7584E652F5D9}"
EndProject
Project("{2150E333-8FDC-42A3-9474-1A3956D46DE8}") = "sandbox", "sandbox", "{FA3E8CC3-EE01-4E00-8B83-4650EA50E215}"
EndProject
Project("{9A19103F-16F7-4668-BE54-9A1E7A4F7556}") = "NClient.Sandbox.Client", "sandbox\NClient.Sandbox.Client\NClient.Sandbox.Client.csproj", "{6AAE4CE4-9D9C-438F-9586-43B8A3EB7B5F}"
EndProject
Project("{9A19103F-16F7-4668-BE54-9A1E7A4F7556}") = "NClient.Sandbox.ProxyService", "sandbox\NClient.Sandbox.ProxyService\NClient.Sandbox.ProxyService.csproj", "{1A0A66ED-DCFA-46A0-8D27-D853C0A029DB}"
EndProject
Project("{9A19103F-16F7-4668-BE54-9A1E7A4F7556}") = "NClient.Sandbox.ProxyService.Facade", "sandbox\NClient.Sandbox.ProxyService.Facade\NClient.Sandbox.ProxyService.Facade.csproj", "{32506DFB-15EC-42B8-B5BE-5A89A5E2ECE6}"
EndProject
Project("{9A19103F-16F7-4668-BE54-9A1E7A4F7556}") = "NClient.Sandbox.ThirdPartyService", "sandbox\NClient.Sandbox.ThirdPartyService\NClient.Sandbox.ThirdPartyService.csproj", "{9CE4CE94-010D-4755-9A9E-43A6E444395F}"
EndProject
Project("{FAE04EC0-301F-11D3-BF4B-00C04F79EFBC}") = "NClient.Providers.HttpClient.System", "src\NClient.Providers\NClient.Providers.HttpClient.System\NClient.Providers.HttpClient.System.csproj", "{47A43396-24E7-41E3-BA94-041EC1F82494}"
EndProject
Project("{FAE04EC0-301F-11D3-BF4B-00C04F79EFBC}") = "NClient.Providers.Serialization.Json.System", "src\NClient.Providers\NClient.Providers.Serialization.Json.System\NClient.Providers.Serialization.Json.System.csproj", "{66DF531E-A4A7-4645-A99E-3C9BC78F6000}"
EndProject
Project("{FAE04EC0-301F-11D3-BF4B-00C04F79EFBC}") = "NClient.Providers.Serialization.Json.Newtonsoft", "src\NClient.Providers\NClient.Providers.Serialization.Json.Newtonsoft\NClient.Providers.Serialization.Json.Newtonsoft.csproj", "{094AD70B-2B16-49FA-B510-608BA26DAE2E}"
EndProject
Project("{FAE04EC0-301F-11D3-BF4B-00C04F79EFBC}") = "NClient.Common", "src\NClient\NClient.Common\NClient.Common.csproj", "{BD55F8A3-3155-44F2-A31A-3311CFB6733F}"
EndProject
Project("{FAE04EC0-301F-11D3-BF4B-00C04F79EFBC}") = "NClient.Sandbox.FileService", "sandbox\NClient.Sandbox.FileService\NClient.Sandbox.FileService.csproj", "{888C9B47-F7CF-4618-9FA1-B10A22AC3D0E}"
EndProject
Project("{FAE04EC0-301F-11D3-BF4B-00C04F79EFBC}") = "NClient.Sandbox.FileService.Facade", "sandbox\NClient.Sandbox.FileService.Facade\NClient.Sandbox.FileService.Facade.csproj", "{68902399-1298-43F9-849F-57294A568A94}"
EndProject
Project("{2150E333-8FDC-42A3-9474-1A3956D46DE8}") = "providers", "providers", "{B1BCB5AE-6A5E-49F7-A00A-6B2931DF628C}"
EndProject
Project("{FAE04EC0-301F-11D3-BF4B-00C04F79EFBC}") = "NClient.Providers.HttpClient.System.Tests", "tests\NClient.Providers\NClient.Providers.HttpClient.System.Tests\NClient.Providers.HttpClient.System.Tests.csproj", "{9FF695D9-C2EB-4161-A79C-EC0EAF68D37D}"
EndProject
Project("{2150E333-8FDC-42A3-9474-1A3956D46DE8}") = "api", "api", "{AEC33EA4-4C52-4043-9938-A7043AE3E0FC}"
EndProject
Project("{FAE04EC0-301F-11D3-BF4B-00C04F79EFBC}") = "NClient.Api.Tests", "tests\NClient.Api\NClient.Api.Tests\NClient.Api.Tests.csproj", "{8D4A9F4C-6D28-4D14-8B25-46BBBFE8ED88}"
EndProject
Project("{FAE04EC0-301F-11D3-BF4B-00C04F79EFBC}") = "NClient.Providers.Serialization.Xml.System", "src\NClient.Providers\NClient.Providers.Serialization.Xml.System\NClient.Providers.Serialization.Xml.System.csproj", "{71A83AD1-BC3D-4D91-81D8-7CC5FBE64992}"
EndProject
Project("{FAE04EC0-301F-11D3-BF4B-00C04F79EFBC}") = "NClient.Providers.Serialization.Xml.System.Tests", "tests\NClient.Providers\NClient.Providers.Serialization.Xml.System.Tests\NClient.Providers.Serialization.Xml.System.Tests.csproj", "{462BFC4C-79D6-4998-BE77-A8F6C52AE131}"
EndProject
Project("{FAE04EC0-301F-11D3-BF4B-00C04F79EFBC}") = "NClient.Providers.Results.LanguageExt", "src\NClient.Providers\NClient.Providers.Results.LanguageExt\NClient.Providers.Results.LanguageExt.csproj", "{B1102158-3E63-46B5-A112-8BD0942D3EA3}"
EndProject
Global
	GlobalSection(SolutionConfigurationPlatforms) = preSolution
		Debug|Any CPU = Debug|Any CPU
		Release|Any CPU = Release|Any CPU
		TestRelease|Any CPU = TestRelease|Any CPU
	EndGlobalSection
	GlobalSection(ProjectConfigurationPlatforms) = postSolution
		{92345632-556A-4D8D-BE26-1D6102310FCD}.Debug|Any CPU.ActiveCfg = Debug|Any CPU
		{92345632-556A-4D8D-BE26-1D6102310FCD}.Debug|Any CPU.Build.0 = Debug|Any CPU
		{92345632-556A-4D8D-BE26-1D6102310FCD}.Release|Any CPU.ActiveCfg = Release|Any CPU
		{92345632-556A-4D8D-BE26-1D6102310FCD}.Release|Any CPU.Build.0 = Release|Any CPU
		{92345632-556A-4D8D-BE26-1D6102310FCD}.TestRelease|Any CPU.ActiveCfg = ReleaseTest|Any CPU
		{BE6ADF5A-CD73-4D8C-8724-D8DC045AA4AE}.Debug|Any CPU.ActiveCfg = Debug|Any CPU
		{BE6ADF5A-CD73-4D8C-8724-D8DC045AA4AE}.Debug|Any CPU.Build.0 = Debug|Any CPU
		{BE6ADF5A-CD73-4D8C-8724-D8DC045AA4AE}.Release|Any CPU.ActiveCfg = Release|Any CPU
		{BE6ADF5A-CD73-4D8C-8724-D8DC045AA4AE}.Release|Any CPU.Build.0 = Release|Any CPU
		{BE6ADF5A-CD73-4D8C-8724-D8DC045AA4AE}.TestRelease|Any CPU.ActiveCfg = ReleaseTest|Any CPU
		{9E0CCD00-B93F-46C8-BEBC-2BA0909C7410}.Debug|Any CPU.ActiveCfg = Debug|Any CPU
		{9E0CCD00-B93F-46C8-BEBC-2BA0909C7410}.Debug|Any CPU.Build.0 = Debug|Any CPU
		{9E0CCD00-B93F-46C8-BEBC-2BA0909C7410}.Release|Any CPU.ActiveCfg = Release|Any CPU
		{9E0CCD00-B93F-46C8-BEBC-2BA0909C7410}.Release|Any CPU.Build.0 = Release|Any CPU
		{9E0CCD00-B93F-46C8-BEBC-2BA0909C7410}.TestRelease|Any CPU.ActiveCfg = ReleaseTest|Any CPU
		{C42DB132-AFCE-4283-83AF-7E271580C0B2}.Debug|Any CPU.ActiveCfg = Debug|Any CPU
		{C42DB132-AFCE-4283-83AF-7E271580C0B2}.Debug|Any CPU.Build.0 = Debug|Any CPU
		{C42DB132-AFCE-4283-83AF-7E271580C0B2}.Release|Any CPU.ActiveCfg = Release|Any CPU
		{C42DB132-AFCE-4283-83AF-7E271580C0B2}.Release|Any CPU.Build.0 = Release|Any CPU
		{C42DB132-AFCE-4283-83AF-7E271580C0B2}.TestRelease|Any CPU.ActiveCfg = ReleaseTest|Any CPU
		{6B4E7185-DF75-483F-BC12-2AE38F50CAB8}.Debug|Any CPU.ActiveCfg = Debug|Any CPU
		{6B4E7185-DF75-483F-BC12-2AE38F50CAB8}.Debug|Any CPU.Build.0 = Debug|Any CPU
		{6B4E7185-DF75-483F-BC12-2AE38F50CAB8}.Release|Any CPU.ActiveCfg = Release|Any CPU
		{6B4E7185-DF75-483F-BC12-2AE38F50CAB8}.Release|Any CPU.Build.0 = Release|Any CPU
		{6B4E7185-DF75-483F-BC12-2AE38F50CAB8}.TestRelease|Any CPU.ActiveCfg = ReleaseTest|Any CPU
		{85EC205F-DF7E-4AAE-B024-C4AE47B98328}.Debug|Any CPU.ActiveCfg = Debug|Any CPU
		{85EC205F-DF7E-4AAE-B024-C4AE47B98328}.Debug|Any CPU.Build.0 = Debug|Any CPU
		{85EC205F-DF7E-4AAE-B024-C4AE47B98328}.Release|Any CPU.ActiveCfg = Release|Any CPU
		{85EC205F-DF7E-4AAE-B024-C4AE47B98328}.Release|Any CPU.Build.0 = Release|Any CPU
		{85EC205F-DF7E-4AAE-B024-C4AE47B98328}.TestRelease|Any CPU.ActiveCfg = ReleaseTest|Any CPU
		{DEE11369-E9B1-4A95-B07B-A15F0C1C21BB}.Debug|Any CPU.ActiveCfg = Debug|Any CPU
		{DEE11369-E9B1-4A95-B07B-A15F0C1C21BB}.Debug|Any CPU.Build.0 = Debug|Any CPU
		{DEE11369-E9B1-4A95-B07B-A15F0C1C21BB}.Release|Any CPU.ActiveCfg = Release|Any CPU
		{DEE11369-E9B1-4A95-B07B-A15F0C1C21BB}.Release|Any CPU.Build.0 = Release|Any CPU
		{DEE11369-E9B1-4A95-B07B-A15F0C1C21BB}.TestRelease|Any CPU.ActiveCfg = ReleaseTest|Any CPU
		{230329AF-8249-495A-AEFF-96DE1B17D1BF}.Debug|Any CPU.ActiveCfg = Debug|Any CPU
		{230329AF-8249-495A-AEFF-96DE1B17D1BF}.Debug|Any CPU.Build.0 = Debug|Any CPU
		{230329AF-8249-495A-AEFF-96DE1B17D1BF}.Release|Any CPU.ActiveCfg = Release|Any CPU
		{230329AF-8249-495A-AEFF-96DE1B17D1BF}.Release|Any CPU.Build.0 = Release|Any CPU
		{230329AF-8249-495A-AEFF-96DE1B17D1BF}.TestRelease|Any CPU.ActiveCfg = ReleaseTest|Any CPU
		{2991216E-79A7-4A29-8986-7FB5BA0BDBD7}.Debug|Any CPU.ActiveCfg = Debug|Any CPU
		{2991216E-79A7-4A29-8986-7FB5BA0BDBD7}.Debug|Any CPU.Build.0 = Debug|Any CPU
		{2991216E-79A7-4A29-8986-7FB5BA0BDBD7}.Release|Any CPU.ActiveCfg = Release|Any CPU
		{2991216E-79A7-4A29-8986-7FB5BA0BDBD7}.Release|Any CPU.Build.0 = Release|Any CPU
		{2991216E-79A7-4A29-8986-7FB5BA0BDBD7}.TestRelease|Any CPU.ActiveCfg = ReleaseTest|Any CPU
		{44FD29DF-2B1E-4EB3-9E90-D31E42788862}.Debug|Any CPU.ActiveCfg = Debug|Any CPU
		{44FD29DF-2B1E-4EB3-9E90-D31E42788862}.Debug|Any CPU.Build.0 = Debug|Any CPU
		{44FD29DF-2B1E-4EB3-9E90-D31E42788862}.Release|Any CPU.ActiveCfg = Release|Any CPU
		{44FD29DF-2B1E-4EB3-9E90-D31E42788862}.Release|Any CPU.Build.0 = Release|Any CPU
		{44FD29DF-2B1E-4EB3-9E90-D31E42788862}.TestRelease|Any CPU.ActiveCfg = ReleaseTest|Any CPU
		{B0130050-BC45-4CC5-8C8E-81041441F3C7}.Debug|Any CPU.ActiveCfg = Debug|Any CPU
		{B0130050-BC45-4CC5-8C8E-81041441F3C7}.Debug|Any CPU.Build.0 = Debug|Any CPU
		{B0130050-BC45-4CC5-8C8E-81041441F3C7}.Release|Any CPU.ActiveCfg = Release|Any CPU
		{B0130050-BC45-4CC5-8C8E-81041441F3C7}.TestRelease|Any CPU.ActiveCfg = ReleaseTest|Any CPU
		{B0130050-BC45-4CC5-8C8E-81041441F3C7}.TestRelease|Any CPU.Build.0 = ReleaseTest|Any CPU
		{BF9A7FCF-3032-428A-AF38-F65B71741C61}.Debug|Any CPU.ActiveCfg = Debug|Any CPU
		{BF9A7FCF-3032-428A-AF38-F65B71741C61}.Debug|Any CPU.Build.0 = Debug|Any CPU
		{BF9A7FCF-3032-428A-AF38-F65B71741C61}.Release|Any CPU.ActiveCfg = Release|Any CPU
		{BF9A7FCF-3032-428A-AF38-F65B71741C61}.Release|Any CPU.Build.0 = Release|Any CPU
		{BF9A7FCF-3032-428A-AF38-F65B71741C61}.TestRelease|Any CPU.ActiveCfg = Release|Any CPU
		{AEC62C83-BBCE-4DB1-9CB5-A00A119D8026}.Debug|Any CPU.ActiveCfg = Debug|Any CPU
		{AEC62C83-BBCE-4DB1-9CB5-A00A119D8026}.Debug|Any CPU.Build.0 = Debug|Any CPU
		{AEC62C83-BBCE-4DB1-9CB5-A00A119D8026}.Release|Any CPU.ActiveCfg = Release|Any CPU
		{AEC62C83-BBCE-4DB1-9CB5-A00A119D8026}.Release|Any CPU.Build.0 = Release|Any CPU
		{AEC62C83-BBCE-4DB1-9CB5-A00A119D8026}.TestRelease|Any CPU.ActiveCfg = Release|Any CPU
		{93B399D9-3842-4B85-A06B-95E2F62B6F13}.Debug|Any CPU.ActiveCfg = Debug|Any CPU
		{93B399D9-3842-4B85-A06B-95E2F62B6F13}.Debug|Any CPU.Build.0 = Debug|Any CPU
		{93B399D9-3842-4B85-A06B-95E2F62B6F13}.Release|Any CPU.ActiveCfg = Release|Any CPU
		{93B399D9-3842-4B85-A06B-95E2F62B6F13}.Release|Any CPU.Build.0 = Release|Any CPU
		{93B399D9-3842-4B85-A06B-95E2F62B6F13}.TestRelease|Any CPU.ActiveCfg = Release|Any CPU
		{BC08E7BF-7382-4830-B5DC-AB03AE266926}.Debug|Any CPU.ActiveCfg = Debug|Any CPU
		{BC08E7BF-7382-4830-B5DC-AB03AE266926}.Debug|Any CPU.Build.0 = Debug|Any CPU
		{BC08E7BF-7382-4830-B5DC-AB03AE266926}.Release|Any CPU.ActiveCfg = Release|Any CPU
		{BC08E7BF-7382-4830-B5DC-AB03AE266926}.Release|Any CPU.Build.0 = Release|Any CPU
		{BC08E7BF-7382-4830-B5DC-AB03AE266926}.TestRelease|Any CPU.ActiveCfg = Release|Any CPU
		{10AAC2C5-73D8-4808-912F-7584E652F5D9}.Debug|Any CPU.ActiveCfg = Debug|Any CPU
		{10AAC2C5-73D8-4808-912F-7584E652F5D9}.Debug|Any CPU.Build.0 = Debug|Any CPU
		{10AAC2C5-73D8-4808-912F-7584E652F5D9}.Release|Any CPU.ActiveCfg = Release|Any CPU
		{10AAC2C5-73D8-4808-912F-7584E652F5D9}.Release|Any CPU.Build.0 = Release|Any CPU
		{10AAC2C5-73D8-4808-912F-7584E652F5D9}.TestRelease|Any CPU.ActiveCfg = Release|Any CPU
		{6AAE4CE4-9D9C-438F-9586-43B8A3EB7B5F}.Debug|Any CPU.ActiveCfg = Debug|Any CPU
		{6AAE4CE4-9D9C-438F-9586-43B8A3EB7B5F}.Debug|Any CPU.Build.0 = Debug|Any CPU
		{6AAE4CE4-9D9C-438F-9586-43B8A3EB7B5F}.Release|Any CPU.ActiveCfg = Release|Any CPU
		{6AAE4CE4-9D9C-438F-9586-43B8A3EB7B5F}.Release|Any CPU.Build.0 = Release|Any CPU
		{6AAE4CE4-9D9C-438F-9586-43B8A3EB7B5F}.TestRelease|Any CPU.ActiveCfg = Release|Any CPU
		{1A0A66ED-DCFA-46A0-8D27-D853C0A029DB}.Debug|Any CPU.ActiveCfg = Debug|Any CPU
		{1A0A66ED-DCFA-46A0-8D27-D853C0A029DB}.Debug|Any CPU.Build.0 = Debug|Any CPU
		{1A0A66ED-DCFA-46A0-8D27-D853C0A029DB}.Release|Any CPU.ActiveCfg = Release|Any CPU
		{1A0A66ED-DCFA-46A0-8D27-D853C0A029DB}.Release|Any CPU.Build.0 = Release|Any CPU
		{1A0A66ED-DCFA-46A0-8D27-D853C0A029DB}.TestRelease|Any CPU.ActiveCfg = Release|Any CPU
		{32506DFB-15EC-42B8-B5BE-5A89A5E2ECE6}.Debug|Any CPU.ActiveCfg = Debug|Any CPU
		{32506DFB-15EC-42B8-B5BE-5A89A5E2ECE6}.Debug|Any CPU.Build.0 = Debug|Any CPU
		{32506DFB-15EC-42B8-B5BE-5A89A5E2ECE6}.Release|Any CPU.ActiveCfg = Release|Any CPU
		{32506DFB-15EC-42B8-B5BE-5A89A5E2ECE6}.Release|Any CPU.Build.0 = Release|Any CPU
		{32506DFB-15EC-42B8-B5BE-5A89A5E2ECE6}.TestRelease|Any CPU.ActiveCfg = Release|Any CPU
		{9CE4CE94-010D-4755-9A9E-43A6E444395F}.Debug|Any CPU.ActiveCfg = Debug|Any CPU
		{9CE4CE94-010D-4755-9A9E-43A6E444395F}.Debug|Any CPU.Build.0 = Debug|Any CPU
		{9CE4CE94-010D-4755-9A9E-43A6E444395F}.Release|Any CPU.ActiveCfg = Release|Any CPU
		{9CE4CE94-010D-4755-9A9E-43A6E444395F}.Release|Any CPU.Build.0 = Release|Any CPU
		{9CE4CE94-010D-4755-9A9E-43A6E444395F}.TestRelease|Any CPU.ActiveCfg = Release|Any CPU
		{47A43396-24E7-41E3-BA94-041EC1F82494}.Debug|Any CPU.ActiveCfg = Debug|Any CPU
		{47A43396-24E7-41E3-BA94-041EC1F82494}.Debug|Any CPU.Build.0 = Debug|Any CPU
		{47A43396-24E7-41E3-BA94-041EC1F82494}.Release|Any CPU.ActiveCfg = Release|Any CPU
		{47A43396-24E7-41E3-BA94-041EC1F82494}.Release|Any CPU.Build.0 = Release|Any CPU
		{47A43396-24E7-41E3-BA94-041EC1F82494}.TestRelease|Any CPU.ActiveCfg = Debug|Any CPU
		{66DF531E-A4A7-4645-A99E-3C9BC78F6000}.Debug|Any CPU.ActiveCfg = Debug|Any CPU
		{66DF531E-A4A7-4645-A99E-3C9BC78F6000}.Debug|Any CPU.Build.0 = Debug|Any CPU
		{66DF531E-A4A7-4645-A99E-3C9BC78F6000}.Release|Any CPU.ActiveCfg = Release|Any CPU
		{66DF531E-A4A7-4645-A99E-3C9BC78F6000}.Release|Any CPU.Build.0 = Release|Any CPU
		{66DF531E-A4A7-4645-A99E-3C9BC78F6000}.TestRelease|Any CPU.ActiveCfg = Debug|Any CPU
		{094AD70B-2B16-49FA-B510-608BA26DAE2E}.Debug|Any CPU.ActiveCfg = Debug|Any CPU
		{094AD70B-2B16-49FA-B510-608BA26DAE2E}.Debug|Any CPU.Build.0 = Debug|Any CPU
		{094AD70B-2B16-49FA-B510-608BA26DAE2E}.Release|Any CPU.ActiveCfg = Release|Any CPU
		{094AD70B-2B16-49FA-B510-608BA26DAE2E}.Release|Any CPU.Build.0 = Release|Any CPU
		{094AD70B-2B16-49FA-B510-608BA26DAE2E}.TestRelease|Any CPU.ActiveCfg = Debug|Any CPU
		{BD55F8A3-3155-44F2-A31A-3311CFB6733F}.Debug|Any CPU.ActiveCfg = Debug|Any CPU
		{BD55F8A3-3155-44F2-A31A-3311CFB6733F}.Debug|Any CPU.Build.0 = Debug|Any CPU
		{BD55F8A3-3155-44F2-A31A-3311CFB6733F}.Release|Any CPU.ActiveCfg = Release|Any CPU
		{BD55F8A3-3155-44F2-A31A-3311CFB6733F}.Release|Any CPU.Build.0 = Release|Any CPU
		{BD55F8A3-3155-44F2-A31A-3311CFB6733F}.TestRelease|Any CPU.ActiveCfg = Debug|Any CPU
		{888C9B47-F7CF-4618-9FA1-B10A22AC3D0E}.Debug|Any CPU.ActiveCfg = Debug|Any CPU
		{888C9B47-F7CF-4618-9FA1-B10A22AC3D0E}.Debug|Any CPU.Build.0 = Debug|Any CPU
		{888C9B47-F7CF-4618-9FA1-B10A22AC3D0E}.Release|Any CPU.ActiveCfg = Release|Any CPU
		{888C9B47-F7CF-4618-9FA1-B10A22AC3D0E}.Release|Any CPU.Build.0 = Release|Any CPU
		{888C9B47-F7CF-4618-9FA1-B10A22AC3D0E}.TestRelease|Any CPU.ActiveCfg = Debug|Any CPU
		{68902399-1298-43F9-849F-57294A568A94}.Debug|Any CPU.ActiveCfg = Debug|Any CPU
		{68902399-1298-43F9-849F-57294A568A94}.Debug|Any CPU.Build.0 = Debug|Any CPU
		{68902399-1298-43F9-849F-57294A568A94}.Release|Any CPU.ActiveCfg = Release|Any CPU
		{68902399-1298-43F9-849F-57294A568A94}.Release|Any CPU.Build.0 = Release|Any CPU
		{68902399-1298-43F9-849F-57294A568A94}.TestRelease|Any CPU.ActiveCfg = Debug|Any CPU
		{9FF695D9-C2EB-4161-A79C-EC0EAF68D37D}.Debug|Any CPU.ActiveCfg = Debug|Any CPU
		{9FF695D9-C2EB-4161-A79C-EC0EAF68D37D}.Debug|Any CPU.Build.0 = Debug|Any CPU
		{9FF695D9-C2EB-4161-A79C-EC0EAF68D37D}.Release|Any CPU.ActiveCfg = Release|Any CPU
		{9FF695D9-C2EB-4161-A79C-EC0EAF68D37D}.Release|Any CPU.Build.0 = Release|Any CPU
		{9FF695D9-C2EB-4161-A79C-EC0EAF68D37D}.TestRelease|Any CPU.ActiveCfg = Debug|Any CPU
		{8D4A9F4C-6D28-4D14-8B25-46BBBFE8ED88}.Debug|Any CPU.ActiveCfg = Debug|Any CPU
		{8D4A9F4C-6D28-4D14-8B25-46BBBFE8ED88}.Debug|Any CPU.Build.0 = Debug|Any CPU
		{8D4A9F4C-6D28-4D14-8B25-46BBBFE8ED88}.Release|Any CPU.ActiveCfg = Release|Any CPU
		{8D4A9F4C-6D28-4D14-8B25-46BBBFE8ED88}.Release|Any CPU.Build.0 = Release|Any CPU
		{8D4A9F4C-6D28-4D14-8B25-46BBBFE8ED88}.TestRelease|Any CPU.ActiveCfg = Debug|Any CPU
		{71A83AD1-BC3D-4D91-81D8-7CC5FBE64992}.Debug|Any CPU.ActiveCfg = Debug|Any CPU
		{71A83AD1-BC3D-4D91-81D8-7CC5FBE64992}.Debug|Any CPU.Build.0 = Debug|Any CPU
		{71A83AD1-BC3D-4D91-81D8-7CC5FBE64992}.Release|Any CPU.ActiveCfg = Release|Any CPU
		{71A83AD1-BC3D-4D91-81D8-7CC5FBE64992}.Release|Any CPU.Build.0 = Release|Any CPU
		{71A83AD1-BC3D-4D91-81D8-7CC5FBE64992}.TestRelease|Any CPU.ActiveCfg = Debug|Any CPU
		{462BFC4C-79D6-4998-BE77-A8F6C52AE131}.Debug|Any CPU.ActiveCfg = Debug|Any CPU
		{462BFC4C-79D6-4998-BE77-A8F6C52AE131}.Debug|Any CPU.Build.0 = Debug|Any CPU
		{462BFC4C-79D6-4998-BE77-A8F6C52AE131}.Release|Any CPU.ActiveCfg = Release|Any CPU
		{462BFC4C-79D6-4998-BE77-A8F6C52AE131}.Release|Any CPU.Build.0 = Release|Any CPU
		{462BFC4C-79D6-4998-BE77-A8F6C52AE131}.TestRelease|Any CPU.ActiveCfg = Debug|Any CPU
		{B1102158-3E63-46B5-A112-8BD0942D3EA3}.Debug|Any CPU.ActiveCfg = Debug|Any CPU
		{B1102158-3E63-46B5-A112-8BD0942D3EA3}.Debug|Any CPU.Build.0 = Debug|Any CPU
		{B1102158-3E63-46B5-A112-8BD0942D3EA3}.Release|Any CPU.ActiveCfg = Release|Any CPU
		{B1102158-3E63-46B5-A112-8BD0942D3EA3}.Release|Any CPU.Build.0 = Release|Any CPU
		{B1102158-3E63-46B5-A112-8BD0942D3EA3}.TestRelease|Any CPU.ActiveCfg = Debug|Any CPU
		{B1102158-3E63-46B5-A112-8BD0942D3EA3}.TestRelease|Any CPU.Build.0 = Debug|Any CPU
	EndGlobalSection
	GlobalSection(SolutionProperties) = preSolution
		HideSolutionNode = FALSE
	EndGlobalSection
	GlobalSection(NestedProjects) = preSolution
		{C42DB132-AFCE-4283-83AF-7E271580C0B2} = {DCB997FD-29F4-48D9-8348-093761DA42E7}
		{6B4E7185-DF75-483F-BC12-2AE38F50CAB8} = {DCB997FD-29F4-48D9-8348-093761DA42E7}
		{85EC205F-DF7E-4AAE-B024-C4AE47B98328} = {336F274F-FA15-4928-A48F-EE57BEF866F5}
		{DEE11369-E9B1-4A95-B07B-A15F0C1C21BB} = {F3AF19D7-1D80-4449-98CC-96BC13FF8103}
		{230329AF-8249-495A-AEFF-96DE1B17D1BF} = {F3AF19D7-1D80-4449-98CC-96BC13FF8103}
		{07EF5913-BA3B-4231-A2F6-9323D10C18EE} = {F3AF19D7-1D80-4449-98CC-96BC13FF8103}
		{2991216E-79A7-4A29-8986-7FB5BA0BDBD7} = {07EF5913-BA3B-4231-A2F6-9323D10C18EE}
		{C9ED014C-EC92-4FAA-A53D-6D0500B640F0} = {F3AF19D7-1D80-4449-98CC-96BC13FF8103}
		{44FD29DF-2B1E-4EB3-9E90-D31E42788862} = {C9ED014C-EC92-4FAA-A53D-6D0500B640F0}
		{A5E78E9F-AF5D-4521-9A60-800F172A5CA3} = {F3AF19D7-1D80-4449-98CC-96BC13FF8103}
		{B0130050-BC45-4CC5-8C8E-81041441F3C7} = {A5E78E9F-AF5D-4521-9A60-800F172A5CA3}
		{BC08E7BF-7382-4830-B5DC-AB03AE266926} = {F3AF19D7-1D80-4449-98CC-96BC13FF8103}
		{10AAC2C5-73D8-4808-912F-7584E652F5D9} = {F3AF19D7-1D80-4449-98CC-96BC13FF8103}
		{6AAE4CE4-9D9C-438F-9586-43B8A3EB7B5F} = {FA3E8CC3-EE01-4E00-8B83-4650EA50E215}
		{1A0A66ED-DCFA-46A0-8D27-D853C0A029DB} = {FA3E8CC3-EE01-4E00-8B83-4650EA50E215}
		{32506DFB-15EC-42B8-B5BE-5A89A5E2ECE6} = {FA3E8CC3-EE01-4E00-8B83-4650EA50E215}
		{9CE4CE94-010D-4755-9A9E-43A6E444395F} = {FA3E8CC3-EE01-4E00-8B83-4650EA50E215}
		{47A43396-24E7-41E3-BA94-041EC1F82494} = {DCB997FD-29F4-48D9-8348-093761DA42E7}
		{66DF531E-A4A7-4645-A99E-3C9BC78F6000} = {DCB997FD-29F4-48D9-8348-093761DA42E7}
		{094AD70B-2B16-49FA-B510-608BA26DAE2E} = {DCB997FD-29F4-48D9-8348-093761DA42E7}
		{888C9B47-F7CF-4618-9FA1-B10A22AC3D0E} = {FA3E8CC3-EE01-4E00-8B83-4650EA50E215}
		{68902399-1298-43F9-849F-57294A568A94} = {FA3E8CC3-EE01-4E00-8B83-4650EA50E215}
		{B1BCB5AE-6A5E-49F7-A00A-6B2931DF628C} = {F3AF19D7-1D80-4449-98CC-96BC13FF8103}
		{9FF695D9-C2EB-4161-A79C-EC0EAF68D37D} = {B1BCB5AE-6A5E-49F7-A00A-6B2931DF628C}
		{AEC33EA4-4C52-4043-9938-A7043AE3E0FC} = {F3AF19D7-1D80-4449-98CC-96BC13FF8103}
		{8D4A9F4C-6D28-4D14-8B25-46BBBFE8ED88} = {AEC33EA4-4C52-4043-9938-A7043AE3E0FC}
		{71A83AD1-BC3D-4D91-81D8-7CC5FBE64992} = {DCB997FD-29F4-48D9-8348-093761DA42E7}
		{462BFC4C-79D6-4998-BE77-A8F6C52AE131} = {B1BCB5AE-6A5E-49F7-A00A-6B2931DF628C}
		{B1102158-3E63-46B5-A112-8BD0942D3EA3} = {DCB997FD-29F4-48D9-8348-093761DA42E7}
	EndGlobalSection
	GlobalSection(ExtensibilityGlobals) = postSolution
		SolutionGuid = {244A4C58-8FA7-496C-ABCF-72F333149A20}
	EndGlobalSection
EndGlobal
